
Microsoft Visual Studio Solution File, Format Version 12.00
# Visual Studio 15
VisualStudioVersion = 15.0.27428.2043
MinimumVisualStudioVersion = 10.0.40219.1
Project("{FAE04EC0-301F-11D3-BF4B-00C04F79EFBC}") = "PushNotification.Android", "PushNotification\PushNotification.Android\PushNotification.Android.csproj", "{08E10792-ADB3-431F-9B9D-4D103342F6B4}"
EndProject
Project("{FAE04EC0-301F-11D3-BF4B-00C04F79EFBC}") = "PushNotification.iOS", "PushNotification\PushNotification.iOS\PushNotification.iOS.csproj", "{8CF3C5A0-ED1B-409D-A720-C7D454CEB037}"
EndProject
Project("{FAE04EC0-301F-11D3-BF4B-00C04F79EFBC}") = "PushNotification.UWP", "PushNotification\PushNotification.UWP\PushNotification.UWP.csproj", "{EA9E409A-EBF0-47A8-B45D-0C79836B03B3}"
EndProject
Project("{FAE04EC0-301F-11D3-BF4B-00C04F79EFBC}") = "PushNotification", "PushNotification\PushNotification\PushNotification.csproj", "{692CF070-DBDC-47B3-898A-870446D4F218}"
EndProject
Global
	GlobalSection(SolutionConfigurationPlatforms) = preSolution
		Ad-Hoc|Any CPU = Ad-Hoc|Any CPU
		Ad-Hoc|ARM = Ad-Hoc|ARM
		Ad-Hoc|iPhone = Ad-Hoc|iPhone
		Ad-Hoc|iPhoneSimulator = Ad-Hoc|iPhoneSimulator
		Ad-Hoc|x64 = Ad-Hoc|x64
		Ad-Hoc|x86 = Ad-Hoc|x86
		AppStore|Any CPU = AppStore|Any CPU
		AppStore|ARM = AppStore|ARM
		AppStore|iPhone = AppStore|iPhone
		AppStore|iPhoneSimulator = AppStore|iPhoneSimulator
		AppStore|x64 = AppStore|x64
		AppStore|x86 = AppStore|x86
		Debug|Any CPU = Debug|Any CPU
		Debug|ARM = Debug|ARM
		Debug|iPhone = Debug|iPhone
		Debug|iPhoneSimulator = Debug|iPhoneSimulator
		Debug|x64 = Debug|x64
		Debug|x86 = Debug|x86
		Release|Any CPU = Release|Any CPU
		Release|ARM = Release|ARM
		Release|iPhone = Release|iPhone
		Release|iPhoneSimulator = Release|iPhoneSimulator
		Release|x64 = Release|x64
		Release|x86 = Release|x86
	EndGlobalSection
	GlobalSection(ProjectConfigurationPlatforms) = postSolution
		{08E10792-ADB3-431F-9B9D-4D103342F6B4}.Ad-Hoc|Any CPU.ActiveCfg = Release|Any CPU
		{08E10792-ADB3-431F-9B9D-4D103342F6B4}.Ad-Hoc|Any CPU.Build.0 = Release|Any CPU
		{08E10792-ADB3-431F-9B9D-4D103342F6B4}.Ad-Hoc|Any CPU.Deploy.0 = Release|Any CPU
		{08E10792-ADB3-431F-9B9D-4D103342F6B4}.Ad-Hoc|ARM.ActiveCfg = Release|Any CPU
		{08E10792-ADB3-431F-9B9D-4D103342F6B4}.Ad-Hoc|ARM.Build.0 = Release|Any CPU
		{08E10792-ADB3-431F-9B9D-4D103342F6B4}.Ad-Hoc|ARM.Deploy.0 = Release|Any CPU
		{08E10792-ADB3-431F-9B9D-4D103342F6B4}.Ad-Hoc|iPhone.ActiveCfg = Release|Any CPU
		{08E10792-ADB3-431F-9B9D-4D103342F6B4}.Ad-Hoc|iPhone.Build.0 = Release|Any CPU
		{08E10792-ADB3-431F-9B9D-4D103342F6B4}.Ad-Hoc|iPhone.Deploy.0 = Release|Any CPU
		{08E10792-ADB3-431F-9B9D-4D103342F6B4}.Ad-Hoc|iPhoneSimulator.ActiveCfg = Release|Any CPU
		{08E10792-ADB3-431F-9B9D-4D103342F6B4}.Ad-Hoc|iPhoneSimulator.Build.0 = Release|Any CPU
		{08E10792-ADB3-431F-9B9D-4D103342F6B4}.Ad-Hoc|iPhoneSimulator.Deploy.0 = Release|Any CPU
		{08E10792-ADB3-431F-9B9D-4D103342F6B4}.Ad-Hoc|x64.ActiveCfg = Release|Any CPU
		{08E10792-ADB3-431F-9B9D-4D103342F6B4}.Ad-Hoc|x64.Build.0 = Release|Any CPU
		{08E10792-ADB3-431F-9B9D-4D103342F6B4}.Ad-Hoc|x64.Deploy.0 = Release|Any CPU
		{08E10792-ADB3-431F-9B9D-4D103342F6B4}.Ad-Hoc|x86.ActiveCfg = Release|Any CPU
		{08E10792-ADB3-431F-9B9D-4D103342F6B4}.Ad-Hoc|x86.Build.0 = Release|Any CPU
		{08E10792-ADB3-431F-9B9D-4D103342F6B4}.Ad-Hoc|x86.Deploy.0 = Release|Any CPU
		{08E10792-ADB3-431F-9B9D-4D103342F6B4}.AppStore|Any CPU.ActiveCfg = Release|Any CPU
		{08E10792-ADB3-431F-9B9D-4D103342F6B4}.AppStore|Any CPU.Build.0 = Release|Any CPU
		{08E10792-ADB3-431F-9B9D-4D103342F6B4}.AppStore|Any CPU.Deploy.0 = Release|Any CPU
		{08E10792-ADB3-431F-9B9D-4D103342F6B4}.AppStore|ARM.ActiveCfg = Release|Any CPU
		{08E10792-ADB3-431F-9B9D-4D103342F6B4}.AppStore|ARM.Build.0 = Release|Any CPU
		{08E10792-ADB3-431F-9B9D-4D103342F6B4}.AppStore|ARM.Deploy.0 = Release|Any CPU
		{08E10792-ADB3-431F-9B9D-4D103342F6B4}.AppStore|iPhone.ActiveCfg = Release|Any CPU
		{08E10792-ADB3-431F-9B9D-4D103342F6B4}.AppStore|iPhone.Build.0 = Release|Any CPU
		{08E10792-ADB3-431F-9B9D-4D103342F6B4}.AppStore|iPhone.Deploy.0 = Release|Any CPU
		{08E10792-ADB3-431F-9B9D-4D103342F6B4}.AppStore|iPhoneSimulator.ActiveCfg = Release|Any CPU
		{08E10792-ADB3-431F-9B9D-4D103342F6B4}.AppStore|iPhoneSimulator.Build.0 = Release|Any CPU
		{08E10792-ADB3-431F-9B9D-4D103342F6B4}.AppStore|iPhoneSimulator.Deploy.0 = Release|Any CPU
		{08E10792-ADB3-431F-9B9D-4D103342F6B4}.AppStore|x64.ActiveCfg = Release|Any CPU
		{08E10792-ADB3-431F-9B9D-4D103342F6B4}.AppStore|x64.Build.0 = Release|Any CPU
		{08E10792-ADB3-431F-9B9D-4D103342F6B4}.AppStore|x64.Deploy.0 = Release|Any CPU
		{08E10792-ADB3-431F-9B9D-4D103342F6B4}.AppStore|x86.ActiveCfg = Release|Any CPU
		{08E10792-ADB3-431F-9B9D-4D103342F6B4}.AppStore|x86.Build.0 = Release|Any CPU
		{08E10792-ADB3-431F-9B9D-4D103342F6B4}.AppStore|x86.Deploy.0 = Release|Any CPU
		{08E10792-ADB3-431F-9B9D-4D103342F6B4}.Debug|Any CPU.ActiveCfg = Debug|Any CPU
		{08E10792-ADB3-431F-9B9D-4D103342F6B4}.Debug|Any CPU.Build.0 = Debug|Any CPU
		{08E10792-ADB3-431F-9B9D-4D103342F6B4}.Debug|Any CPU.Deploy.0 = Debug|Any CPU
		{08E10792-ADB3-431F-9B9D-4D103342F6B4}.Debug|ARM.ActiveCfg = Debug|Any CPU
		{08E10792-ADB3-431F-9B9D-4D103342F6B4}.Debug|ARM.Build.0 = Debug|Any CPU
		{08E10792-ADB3-431F-9B9D-4D103342F6B4}.Debug|ARM.Deploy.0 = Debug|Any CPU
		{08E10792-ADB3-431F-9B9D-4D103342F6B4}.Debug|iPhone.ActiveCfg = Debug|Any CPU
		{08E10792-ADB3-431F-9B9D-4D103342F6B4}.Debug|iPhone.Build.0 = Debug|Any CPU
		{08E10792-ADB3-431F-9B9D-4D103342F6B4}.Debug|iPhone.Deploy.0 = Debug|Any CPU
		{08E10792-ADB3-431F-9B9D-4D103342F6B4}.Debug|iPhoneSimulator.ActiveCfg = Debug|Any CPU
		{08E10792-ADB3-431F-9B9D-4D103342F6B4}.Debug|iPhoneSimulator.Build.0 = Debug|Any CPU
		{08E10792-ADB3-431F-9B9D-4D103342F6B4}.Debug|iPhoneSimulator.Deploy.0 = Debug|Any CPU
		{08E10792-ADB3-431F-9B9D-4D103342F6B4}.Debug|x64.ActiveCfg = Debug|Any CPU
		{08E10792-ADB3-431F-9B9D-4D103342F6B4}.Debug|x64.Build.0 = Debug|Any CPU
		{08E10792-ADB3-431F-9B9D-4D103342F6B4}.Debug|x64.Deploy.0 = Debug|Any CPU
		{08E10792-ADB3-431F-9B9D-4D103342F6B4}.Debug|x86.ActiveCfg = Debug|Any CPU
		{08E10792-ADB3-431F-9B9D-4D103342F6B4}.Debug|x86.Build.0 = Debug|Any CPU
		{08E10792-ADB3-431F-9B9D-4D103342F6B4}.Debug|x86.Deploy.0 = Debug|Any CPU
		{08E10792-ADB3-431F-9B9D-4D103342F6B4}.Release|Any CPU.ActiveCfg = Release|Any CPU
		{08E10792-ADB3-431F-9B9D-4D103342F6B4}.Release|Any CPU.Build.0 = Release|Any CPU
		{08E10792-ADB3-431F-9B9D-4D103342F6B4}.Release|Any CPU.Deploy.0 = Release|Any CPU
		{08E10792-ADB3-431F-9B9D-4D103342F6B4}.Release|ARM.ActiveCfg = Release|Any CPU
		{08E10792-ADB3-431F-9B9D-4D103342F6B4}.Release|ARM.Build.0 = Release|Any CPU
		{08E10792-ADB3-431F-9B9D-4D103342F6B4}.Release|ARM.Deploy.0 = Release|Any CPU
		{08E10792-ADB3-431F-9B9D-4D103342F6B4}.Release|iPhone.ActiveCfg = Release|Any CPU
		{08E10792-ADB3-431F-9B9D-4D103342F6B4}.Release|iPhone.Build.0 = Release|Any CPU
		{08E10792-ADB3-431F-9B9D-4D103342F6B4}.Release|iPhone.Deploy.0 = Release|Any CPU
		{08E10792-ADB3-431F-9B9D-4D103342F6B4}.Release|iPhoneSimulator.ActiveCfg = Release|Any CPU
		{08E10792-ADB3-431F-9B9D-4D103342F6B4}.Release|iPhoneSimulator.Build.0 = Release|Any CPU
		{08E10792-ADB3-431F-9B9D-4D103342F6B4}.Release|iPhoneSimulator.Deploy.0 = Release|Any CPU
		{08E10792-ADB3-431F-9B9D-4D103342F6B4}.Release|x64.ActiveCfg = Release|Any CPU
		{08E10792-ADB3-431F-9B9D-4D103342F6B4}.Release|x64.Build.0 = Release|Any CPU
		{08E10792-ADB3-431F-9B9D-4D103342F6B4}.Release|x64.Deploy.0 = Release|Any CPU
		{08E10792-ADB3-431F-9B9D-4D103342F6B4}.Release|x86.ActiveCfg = Release|Any CPU
		{08E10792-ADB3-431F-9B9D-4D103342F6B4}.Release|x86.Build.0 = Release|Any CPU
		{08E10792-ADB3-431F-9B9D-4D103342F6B4}.Release|x86.Deploy.0 = Release|Any CPU
		{8CF3C5A0-ED1B-409D-A720-C7D454CEB037}.Ad-Hoc|Any CPU.ActiveCfg = Ad-Hoc|iPhone
		{8CF3C5A0-ED1B-409D-A720-C7D454CEB037}.Ad-Hoc|ARM.ActiveCfg = Ad-Hoc|iPhone
		{8CF3C5A0-ED1B-409D-A720-C7D454CEB037}.Ad-Hoc|iPhone.ActiveCfg = Ad-Hoc|iPhone
		{8CF3C5A0-ED1B-409D-A720-C7D454CEB037}.Ad-Hoc|iPhone.Build.0 = Ad-Hoc|iPhone
		{8CF3C5A0-ED1B-409D-A720-C7D454CEB037}.Ad-Hoc|iPhoneSimulator.ActiveCfg = Ad-Hoc|iPhoneSimulator
		{8CF3C5A0-ED1B-409D-A720-C7D454CEB037}.Ad-Hoc|iPhoneSimulator.Build.0 = Ad-Hoc|iPhoneSimulator
		{8CF3C5A0-ED1B-409D-A720-C7D454CEB037}.Ad-Hoc|x64.ActiveCfg = Ad-Hoc|iPhone
		{8CF3C5A0-ED1B-409D-A720-C7D454CEB037}.Ad-Hoc|x86.ActiveCfg = Ad-Hoc|iPhone
		{8CF3C5A0-ED1B-409D-A720-C7D454CEB037}.AppStore|Any CPU.ActiveCfg = AppStore|iPhone
		{8CF3C5A0-ED1B-409D-A720-C7D454CEB037}.AppStore|ARM.ActiveCfg = AppStore|iPhone
		{8CF3C5A0-ED1B-409D-A720-C7D454CEB037}.AppStore|iPhone.ActiveCfg = AppStore|iPhone
		{8CF3C5A0-ED1B-409D-A720-C7D454CEB037}.AppStore|iPhone.Build.0 = AppStore|iPhone
		{8CF3C5A0-ED1B-409D-A720-C7D454CEB037}.AppStore|iPhoneSimulator.ActiveCfg = AppStore|iPhoneSimulator
		{8CF3C5A0-ED1B-409D-A720-C7D454CEB037}.AppStore|iPhoneSimulator.Build.0 = AppStore|iPhoneSimulator
		{8CF3C5A0-ED1B-409D-A720-C7D454CEB037}.AppStore|x64.ActiveCfg = AppStore|iPhone
		{8CF3C5A0-ED1B-409D-A720-C7D454CEB037}.AppStore|x86.ActiveCfg = AppStore|iPhone
		{8CF3C5A0-ED1B-409D-A720-C7D454CEB037}.Debug|Any CPU.ActiveCfg = Debug|iPhone
		{8CF3C5A0-ED1B-409D-A720-C7D454CEB037}.Debug|ARM.ActiveCfg = Debug|iPhone
		{8CF3C5A0-ED1B-409D-A720-C7D454CEB037}.Debug|iPhone.ActiveCfg = Debug|iPhone
		{8CF3C5A0-ED1B-409D-A720-C7D454CEB037}.Debug|iPhone.Build.0 = Debug|iPhone
		{8CF3C5A0-ED1B-409D-A720-C7D454CEB037}.Debug|iPhoneSimulator.ActiveCfg = Debug|iPhoneSimulator
		{8CF3C5A0-ED1B-409D-A720-C7D454CEB037}.Debug|iPhoneSimulator.Build.0 = Debug|iPhoneSimulator
		{8CF3C5A0-ED1B-409D-A720-C7D454CEB037}.Debug|x64.ActiveCfg = Debug|iPhone
		{8CF3C5A0-ED1B-409D-A720-C7D454CEB037}.Debug|x86.ActiveCfg = Debug|iPhone
		{8CF3C5A0-ED1B-409D-A720-C7D454CEB037}.Release|Any CPU.ActiveCfg = Release|iPhone
		{8CF3C5A0-ED1B-409D-A720-C7D454CEB037}.Release|ARM.ActiveCfg = Release|iPhone
		{8CF3C5A0-ED1B-409D-A720-C7D454CEB037}.Release|iPhone.ActiveCfg = Release|iPhone
		{8CF3C5A0-ED1B-409D-A720-C7D454CEB037}.Release|iPhone.Build.0 = Release|iPhone
		{8CF3C5A0-ED1B-409D-A720-C7D454CEB037}.Release|iPhoneSimulator.ActiveCfg = Release|iPhoneSimulator
		{8CF3C5A0-ED1B-409D-A720-C7D454CEB037}.Release|iPhoneSimulator.Build.0 = Release|iPhoneSimulator
		{8CF3C5A0-ED1B-409D-A720-C7D454CEB037}.Release|x64.ActiveCfg = Release|iPhone
		{8CF3C5A0-ED1B-409D-A720-C7D454CEB037}.Release|x86.ActiveCfg = Release|iPhone
		{EA9E409A-EBF0-47A8-B45D-0C79836B03B3}.Ad-Hoc|Any CPU.ActiveCfg = Release|x86
		{EA9E409A-EBF0-47A8-B45D-0C79836B03B3}.Ad-Hoc|Any CPU.Build.0 = Release|x86
		{EA9E409A-EBF0-47A8-B45D-0C79836B03B3}.Ad-Hoc|Any CPU.Deploy.0 = Release|x86
		{EA9E409A-EBF0-47A8-B45D-0C79836B03B3}.Ad-Hoc|ARM.ActiveCfg = Release|ARM
		{EA9E409A-EBF0-47A8-B45D-0C79836B03B3}.Ad-Hoc|ARM.Build.0 = Release|ARM
		{EA9E409A-EBF0-47A8-B45D-0C79836B03B3}.Ad-Hoc|ARM.Deploy.0 = Release|ARM
		{EA9E409A-EBF0-47A8-B45D-0C79836B03B3}.Ad-Hoc|iPhone.ActiveCfg = Release|x86
		{EA9E409A-EBF0-47A8-B45D-0C79836B03B3}.Ad-Hoc|iPhone.Build.0 = Release|x86
		{EA9E409A-EBF0-47A8-B45D-0C79836B03B3}.Ad-Hoc|iPhone.Deploy.0 = Release|x86
		{EA9E409A-EBF0-47A8-B45D-0C79836B03B3}.Ad-Hoc|iPhoneSimulator.ActiveCfg = Release|x86
		{EA9E409A-EBF0-47A8-B45D-0C79836B03B3}.Ad-Hoc|iPhoneSimulator.Build.0 = Release|x86
		{EA9E409A-EBF0-47A8-B45D-0C79836B03B3}.Ad-Hoc|iPhoneSimulator.Deploy.0 = Release|x86
		{EA9E409A-EBF0-47A8-B45D-0C79836B03B3}.Ad-Hoc|x64.ActiveCfg = Release|x64
		{EA9E409A-EBF0-47A8-B45D-0C79836B03B3}.Ad-Hoc|x64.Build.0 = Release|x64
		{EA9E409A-EBF0-47A8-B45D-0C79836B03B3}.Ad-Hoc|x64.Deploy.0 = Release|x64
		{EA9E409A-EBF0-47A8-B45D-0C79836B03B3}.Ad-Hoc|x86.ActiveCfg = Release|x86
		{EA9E409A-EBF0-47A8-B45D-0C79836B03B3}.Ad-Hoc|x86.Build.0 = Release|x86
		{EA9E409A-EBF0-47A8-B45D-0C79836B03B3}.Ad-Hoc|x86.Deploy.0 = Release|x86
		{EA9E409A-EBF0-47A8-B45D-0C79836B03B3}.AppStore|Any CPU.ActiveCfg = Release|x86
		{EA9E409A-EBF0-47A8-B45D-0C79836B03B3}.AppStore|Any CPU.Build.0 = Release|x86
		{EA9E409A-EBF0-47A8-B45D-0C79836B03B3}.AppStore|Any CPU.Deploy.0 = Release|x86
		{EA9E409A-EBF0-47A8-B45D-0C79836B03B3}.AppStore|ARM.ActiveCfg = Release|ARM
		{EA9E409A-EBF0-47A8-B45D-0C79836B03B3}.AppStore|ARM.Build.0 = Release|ARM
		{EA9E409A-EBF0-47A8-B45D-0C79836B03B3}.AppStore|ARM.Deploy.0 = Release|ARM
		{EA9E409A-EBF0-47A8-B45D-0C79836B03B3}.AppStore|iPhone.ActiveCfg = Release|x86
		{EA9E409A-EBF0-47A8-B45D-0C79836B03B3}.AppStore|iPhone.Build.0 = Release|x86
		{EA9E409A-EBF0-47A8-B45D-0C79836B03B3}.AppStore|iPhone.Deploy.0 = Release|x86
		{EA9E409A-EBF0-47A8-B45D-0C79836B03B3}.AppStore|iPhoneSimulator.ActiveCfg = Release|x86
		{EA9E409A-EBF0-47A8-B45D-0C79836B03B3}.AppStore|iPhoneSimulator.Build.0 = Release|x86
		{EA9E409A-EBF0-47A8-B45D-0C79836B03B3}.AppStore|iPhoneSimulator.Deploy.0 = Release|x86
		{EA9E409A-EBF0-47A8-B45D-0C79836B03B3}.AppStore|x64.ActiveCfg = Release|x64
		{EA9E409A-EBF0-47A8-B45D-0C79836B03B3}.AppStore|x64.Build.0 = Release|x64
		{EA9E409A-EBF0-47A8-B45D-0C79836B03B3}.AppStore|x64.Deploy.0 = Release|x64
		{EA9E409A-EBF0-47A8-B45D-0C79836B03B3}.AppStore|x86.ActiveCfg = Release|x86
		{EA9E409A-EBF0-47A8-B45D-0C79836B03B3}.AppStore|x86.Build.0 = Release|x86
		{EA9E409A-EBF0-47A8-B45D-0C79836B03B3}.AppStore|x86.Deploy.0 = Release|x86
		{EA9E409A-EBF0-47A8-B45D-0C79836B03B3}.Debug|Any CPU.ActiveCfg = Debug|x86
		{EA9E409A-EBF0-47A8-B45D-0C79836B03B3}.Debug|ARM.ActiveCfg = Debug|ARM
		{EA9E409A-EBF0-47A8-B45D-0C79836B03B3}.Debug|ARM.Build.0 = Debug|ARM
		{EA9E409A-EBF0-47A8-B45D-0C79836B03B3}.Debug|ARM.Deploy.0 = Debug|ARM
		{EA9E409A-EBF0-47A8-B45D-0C79836B03B3}.Debug|iPhone.ActiveCfg = Debug|x86
		{EA9E409A-EBF0-47A8-B45D-0C79836B03B3}.Debug|iPhoneSimulator.ActiveCfg = Debug|x86
		{EA9E409A-EBF0-47A8-B45D-0C79836B03B3}.Debug|x64.ActiveCfg = Debug|x64
		{EA9E409A-EBF0-47A8-B45D-0C79836B03B3}.Debug|x64.Build.0 = Debug|x64
		{EA9E409A-EBF0-47A8-B45D-0C79836B03B3}.Debug|x64.Deploy.0 = Debug|x64
		{EA9E409A-EBF0-47A8-B45D-0C79836B03B3}.Debug|x86.ActiveCfg = Debug|x86
		{EA9E409A-EBF0-47A8-B45D-0C79836B03B3}.Debug|x86.Build.0 = Debug|x86
		{EA9E409A-EBF0-47A8-B45D-0C79836B03B3}.Debug|x86.Deploy.0 = Debug|x86
		{EA9E409A-EBF0-47A8-B45D-0C79836B03B3}.Release|Any CPU.ActiveCfg = Release|x86
		{EA9E409A-EBF0-47A8-B45D-0C79836B03B3}.Release|ARM.ActiveCfg = Release|ARM
		{EA9E409A-EBF0-47A8-B45D-0C79836B03B3}.Release|ARM.Build.0 = Release|ARM
		{EA9E409A-EBF0-47A8-B45D-0C79836B03B3}.Release|ARM.Deploy.0 = Release|ARM
		{EA9E409A-EBF0-47A8-B45D-0C79836B03B3}.Release|iPhone.ActiveCfg = Release|x86
		{EA9E409A-EBF0-47A8-B45D-0C79836B03B3}.Release|iPhoneSimulator.ActiveCfg = Release|x86
		{EA9E409A-EBF0-47A8-B45D-0C79836B03B3}.Release|x64.ActiveCfg = Release|x64
		{EA9E409A-EBF0-47A8-B45D-0C79836B03B3}.Release|x64.Build.0 = Release|x64
		{EA9E409A-EBF0-47A8-B45D-0C79836B03B3}.Release|x64.Deploy.0 = Release|x64
		{EA9E409A-EBF0-47A8-B45D-0C79836B03B3}.Release|x86.ActiveCfg = Release|x86
		{EA9E409A-EBF0-47A8-B45D-0C79836B03B3}.Release|x86.Build.0 = Release|x86
		{EA9E409A-EBF0-47A8-B45D-0C79836B03B3}.Release|x86.Deploy.0 = Release|x86
		{692CF070-DBDC-47B3-898A-870446D4F218}.Ad-Hoc|Any CPU.ActiveCfg = Debug|Any CPU
		{692CF070-DBDC-47B3-898A-870446D4F218}.Ad-Hoc|Any CPU.Build.0 = Debug|Any CPU
		{692CF070-DBDC-47B3-898A-870446D4F218}.Ad-Hoc|ARM.ActiveCfg = Debug|Any CPU
		{692CF070-DBDC-47B3-898A-870446D4F218}.Ad-Hoc|ARM.Build.0 = Debug|Any CPU
		{692CF070-DBDC-47B3-898A-870446D4F218}.Ad-Hoc|iPhone.ActiveCfg = Debug|Any CPU
		{692CF070-DBDC-47B3-898A-870446D4F218}.Ad-Hoc|iPhone.Build.0 = Debug|Any CPU
		{692CF070-DBDC-47B3-898A-870446D4F218}.Ad-Hoc|iPhoneSimulator.ActiveCfg = Debug|Any CPU
		{692CF070-DBDC-47B3-898A-870446D4F218}.Ad-Hoc|iPhoneSimulator.Build.0 = Debug|Any CPU
		{692CF070-DBDC-47B3-898A-870446D4F218}.Ad-Hoc|x64.ActiveCfg = Debug|Any CPU
		{692CF070-DBDC-47B3-898A-870446D4F218}.Ad-Hoc|x64.Build.0 = Debug|Any CPU
		{692CF070-DBDC-47B3-898A-870446D4F218}.Ad-Hoc|x86.ActiveCfg = Debug|Any CPU
		{692CF070-DBDC-47B3-898A-870446D4F218}.Ad-Hoc|x86.Build.0 = Debug|Any CPU
		{692CF070-DBDC-47B3-898A-870446D4F218}.AppStore|Any CPU.ActiveCfg = Debug|Any CPU
		{692CF070-DBDC-47B3-898A-870446D4F218}.AppStore|Any CPU.Build.0 = Debug|Any CPU
		{692CF070-DBDC-47B3-898A-870446D4F218}.AppStore|ARM.ActiveCfg = Debug|Any CPU
		{692CF070-DBDC-47B3-898A-870446D4F218}.AppStore|ARM.Build.0 = Debug|Any CPU
		{692CF070-DBDC-47B3-898A-870446D4F218}.AppStore|iPhone.ActiveCfg = Debug|Any CPU
		{692CF070-DBDC-47B3-898A-870446D4F218}.AppStore|iPhone.Build.0 = Debug|Any CPU
		{692CF070-DBDC-47B3-898A-870446D4F218}.AppStore|iPhoneSimulator.ActiveCfg = Debug|Any CPU
		{692CF070-DBDC-47B3-898A-870446D4F218}.AppStore|iPhoneSimulator.Build.0 = Debug|Any CPU
		{692CF070-DBDC-47B3-898A-870446D4F218}.AppStore|x64.ActiveCfg = Debug|Any CPU
		{692CF070-DBDC-47B3-898A-870446D4F218}.AppStore|x64.Build.0 = Debug|Any CPU
		{692CF070-DBDC-47B3-898A-870446D4F218}.AppStore|x86.ActiveCfg = Debug|Any CPU
		{692CF070-DBDC-47B3-898A-870446D4F218}.AppStore|x86.Build.0 = Debug|Any CPU
		{692CF070-DBDC-47B3-898A-870446D4F218}.Debug|Any CPU.ActiveCfg = Debug|Any CPU
		{692CF070-DBDC-47B3-898A-870446D4F218}.Debug|Any CPU.Build.0 = Debug|Any CPU
		{692CF070-DBDC-47B3-898A-870446D4F218}.Debug|ARM.ActiveCfg = Debug|Any CPU
		{692CF070-DBDC-47B3-898A-870446D4F218}.Debug|ARM.Build.0 = Debug|Any CPU
		{692CF070-DBDC-47B3-898A-870446D4F218}.Debug|iPhone.ActiveCfg = Debug|Any CPU
		{692CF070-DBDC-47B3-898A-870446D4F218}.Debug|iPhone.Build.0 = Debug|Any CPU
		{692CF070-DBDC-47B3-898A-870446D4F218}.Debug|iPhoneSimulator.ActiveCfg = Debug|Any CPU
		{692CF070-DBDC-47B3-898A-870446D4F218}.Debug|iPhoneSimulator.Build.0 = Debug|Any CPU
		{692CF070-DBDC-47B3-898A-870446D4F218}.Debug|x64.ActiveCfg = Debug|Any CPU
		{692CF070-DBDC-47B3-898A-870446D4F218}.Debug|x64.Build.0 = Debug|Any CPU
		{692CF070-DBDC-47B3-898A-870446D4F218}.Debug|x86.ActiveCfg = Debug|Any CPU
		{692CF070-DBDC-47B3-898A-870446D4F218}.Debug|x86.Build.0 = Debug|Any CPU
		{692CF070-DBDC-47B3-898A-870446D4F218}.Release|Any CPU.ActiveCfg = Release|Any CPU
		{692CF070-DBDC-47B3-898A-870446D4F218}.Release|Any CPU.Build.0 = Release|Any CPU
		{692CF070-DBDC-47B3-898A-870446D4F218}.Release|ARM.ActiveCfg = Release|Any CPU
		{692CF070-DBDC-47B3-898A-870446D4F218}.Release|ARM.Build.0 = Release|Any CPU
		{692CF070-DBDC-47B3-898A-870446D4F218}.Release|iPhone.ActiveCfg = Release|Any CPU
		{692CF070-DBDC-47B3-898A-870446D4F218}.Release|iPhone.Build.0 = Release|Any CPU
		{692CF070-DBDC-47B3-898A-870446D4F218}.Release|iPhoneSimulator.ActiveCfg = Release|Any CPU
		{692CF070-DBDC-47B3-898A-870446D4F218}.Release|iPhoneSimulator.Build.0 = Release|Any CPU
		{692CF070-DBDC-47B3-898A-870446D4F218}.Release|x64.ActiveCfg = Release|Any CPU
		{692CF070-DBDC-47B3-898A-870446D4F218}.Release|x64.Build.0 = Release|Any CPU
		{692CF070-DBDC-47B3-898A-870446D4F218}.Release|x86.ActiveCfg = Release|Any CPU
		{692CF070-DBDC-47B3-898A-870446D4F218}.Release|x86.Build.0 = Release|Any CPU
	EndGlobalSection
	GlobalSection(SolutionProperties) = preSolution
		HideSolutionNode = FALSE
	EndGlobalSection
	GlobalSection(ExtensibilityGlobals) = postSolution
		SolutionGuid = {5A49D0BA-069D-4F61-8A01-34BFB00C90CC}
	EndGlobalSection
EndGlobal
